
Microsoft Visual Studio Solution File, Format Version 12.00
# Visual Studio Express 2013 for Windows Desktop
VisualStudioVersion = 12.0.21005.1
MinimumVisualStudioVersion = 10.0.40219.1
Project("{FAE04EC0-301F-11D3-BF4B-00C04F79EFBC}") = "TeamCola", "TeamCola\TeamCola.csproj", "{C7B33FF2-F398-41F7-A21C-3AE0BE8F43EB}"
EndProject
Global
	GlobalSection(SolutionConfigurationPlatforms) = preSolution
		Debug|Any CPU = Debug|Any CPU
		Release|Any CPU = Release|Any CPU
	EndGlobalSection
	GlobalSection(ProjectConfigurationPlatforms) = postSolution
		{C7B33FF2-F398-41F7-A21C-3AE0BE8F43EB}.Debug|Any CPU.ActiveCfg = Debug|Any CPU
		{C7B33FF2-F398-41F7-A21C-3AE0BE8F43EB}.Debug|Any CPU.Build.0 = Debug|Any CPU
		{C7B33FF2-F398-41F7-A21C-3AE0BE8F43EB}.Release|Any CPU.ActiveCfg = Release|Any CPU
		{C7B33FF2-F398-41F7-A21C-3AE0BE8F43EB}.Release|Any CPU.Build.0 = Release|Any CPU
	EndGlobalSection
	GlobalSection(SolutionProperties) = preSolution
		HideSolutionNode = FALSE
	EndGlobalSection
EndGlobal
